
Microsoft Visual Studio Solution File, Format Version 12.00
# Visual Studio Version 17
VisualStudioVersion = 17.8.34322.80
MinimumVisualStudioVersion = 10.0.40219.1
Project("{FAE04EC0-301F-11D3-BF4B-00C04F79EFBC}") = "Fifth lesson", "Fifth lesson\Fifth lesson.csproj", "{EBF46124-8953-40F8-AE25-6935A86BA1F8}"
EndProject
Global
	GlobalSection(SolutionConfigurationPlatforms) = preSolution
		Debug|Any CPU = Debug|Any CPU
		Release|Any CPU = Release|Any CPU
	EndGlobalSection
	GlobalSection(ProjectConfigurationPlatforms) = postSolution
		{EBF46124-8953-40F8-AE25-6935A86BA1F8}.Debug|Any CPU.ActiveCfg = Debug|Any CPU
		{EBF46124-8953-40F8-AE25-6935A86BA1F8}.Debug|Any CPU.Build.0 = Debug|Any CPU
		{EBF46124-8953-40F8-AE25-6935A86BA1F8}.Release|Any CPU.ActiveCfg = Release|Any CPU
		{EBF46124-8953-40F8-AE25-6935A86BA1F8}.Release|Any CPU.Build.0 = Release|Any CPU
	EndGlobalSection
	GlobalSection(SolutionProperties) = preSolution
		HideSolutionNode = FALSE
	EndGlobalSection
	GlobalSection(ExtensibilityGlobals) = postSolution
		SolutionGuid = {4DD31B44-7209-4667-9B40-8BFCBF82E6A0}
	EndGlobalSection
EndGlobal
